// !$*UTF8*$!
{
	archiveVersion = 1;
	classes = {
	};
	objectVersion = 55;
	objects = {

/* Begin PBXBuildFile section */
		7026EC2827A388DB0039E768 /* AppDelegate.swift in Sources */ = {isa = PBXBuildFile; fileRef = 7026EC2727A388DB0039E768 /* AppDelegate.swift */; };
		7026EC2A27A388DB0039E768 /* SceneDelegate.swift in Sources */ = {isa = PBXBuildFile; fileRef = 7026EC2927A388DB0039E768 /* SceneDelegate.swift */; };
		7026EC2C27A388DB0039E768 /* ViewController.swift in Sources */ = {isa = PBXBuildFile; fileRef = 7026EC2B27A388DB0039E768 /* ViewController.swift */; };
		7026EC2F27A388DB0039E768 /* Main.storyboard in Resources */ = {isa = PBXBuildFile; fileRef = 7026EC2D27A388DB0039E768 /* Main.storyboard */; };
		7026EC3127A388DD0039E768 /* Assets.xcassets in Resources */ = {isa = PBXBuildFile; fileRef = 7026EC3027A388DD0039E768 /* Assets.xcassets */; };
		7026EC3427A388DD0039E768 /* LaunchScreen.storyboard in Resources */ = {isa = PBXBuildFile; fileRef = 7026EC3227A388DD0039E768 /* LaunchScreen.storyboard */; };
		7026EC3F27A388DD0039E768 /* blaTests.swift in Sources */ = {isa = PBXBuildFile; fileRef = 7026EC3E27A388DD0039E768 /* blaTests.swift */; };
		7026EC4927A388DD0039E768 /* blaUITests.swift in Sources */ = {isa = PBXBuildFile; fileRef = 7026EC4827A388DD0039E768 /* blaUITests.swift */; };
		7026EC4B27A388DD0039E768 /* blaUITestsLaunchTests.swift in Sources */ = {isa = PBXBuildFile; fileRef = 7026EC4A27A388DD0039E768 /* blaUITestsLaunchTests.swift */; };
/* End PBXBuildFile section */

/* Begin PBXContainerItemProxy section */
		7026EC3B27A388DD0039E768 /* PBXContainerItemProxy */ = {
			isa = PBXContainerItemProxy;
			containerPortal = 7026EC1C27A388DB0039E768 /* Project object */;
			proxyType = 1;
			remoteGlobalIDString = 7026EC2327A388DB0039E768;
			remoteInfo = bla;
		};
		7026EC4527A388DD0039E768 /* PBXContainerItemProxy */ = {
			isa = PBXContainerItemProxy;
			containerPortal = 7026EC1C27A388DB0039E768 /* Project object */;
			proxyType = 1;
			remoteGlobalIDString = 7026EC2327A388DB0039E768;
			remoteInfo = bla;
		};
/* End PBXContainerItemProxy section */

/* Begin PBXFileReference section */
		7026EC2427A388DB0039E768 /* bla.app */ = {isa = PBXFileReference; explicitFileType = wrapper.application; includeInIndex = 0; path = bla.app; sourceTree = BUILT_PRODUCTS_DIR; };
		7026EC2727A388DB0039E768 /* AppDelegate.swift */ = {isa = PBXFileReference; lastKnownFileType = sourcecode.swift; path = AppDelegate.swift; sourceTree = "<group>"; };
		7026EC2927A388DB0039E768 /* SceneDelegate.swift */ = {isa = PBXFileReference; lastKnownFileType = sourcecode.swift; path = SceneDelegate.swift; sourceTree = "<group>"; };
		7026EC2B27A388DB0039E768 /* ViewController.swift */ = {isa = PBXFileReference; lastKnownFileType = sourcecode.swift; path = ViewController.swift; sourceTree = "<group>"; };
		7026EC2E27A388DB0039E768 /* Base */ = {isa = PBXFileReference; lastKnownFileType = file.storyboard; name = Base; path = Base.lproj/Main.storyboard; sourceTree = "<group>"; };
		7026EC3027A388DD0039E768 /* Assets.xcassets */ = {isa = PBXFileReference; lastKnownFileType = folder.assetcatalog; path = Assets.xcassets; sourceTree = "<group>"; };
		7026EC3327A388DD0039E768 /* Base */ = {isa = PBXFileReference; lastKnownFileType = file.storyboard; name = Base; path = Base.lproj/LaunchScreen.storyboard; sourceTree = "<group>"; };
		7026EC3527A388DD0039E768 /* Info.plist */ = {isa = PBXFileReference; lastKnownFileType = text.plist.xml; path = Info.plist; sourceTree = "<group>"; };
		7026EC3A27A388DD0039E768 /* blaTests.xctest */ = {isa = PBXFileReference; explicitFileType = wrapper.cfbundle; includeInIndex = 0; path = blaTests.xctest; sourceTree = BUILT_PRODUCTS_DIR; };
		7026EC3E27A388DD0039E768 /* blaTests.swift */ = {isa = PBXFileReference; lastKnownFileType = sourcecode.swift; path = blaTests.swift; sourceTree = "<group>"; };
		7026EC4427A388DD0039E768 /* blaUITests.xctest */ = {isa = PBXFileReference; explicitFileType = wrapper.cfbundle; includeInIndex = 0; path = blaUITests.xctest; sourceTree = BUILT_PRODUCTS_DIR; };
		7026EC4827A388DD0039E768 /* blaUITests.swift */ = {isa = PBXFileReference; lastKnownFileType = sourcecode.swift; path = blaUITests.swift; sourceTree = "<group>"; };
		7026EC4A27A388DD0039E768 /* blaUITestsLaunchTests.swift */ = {isa = PBXFileReference; lastKnownFileType = sourcecode.swift; path = blaUITestsLaunchTests.swift; sourceTree = "<group>"; };
/* End PBXFileReference section */

/* Begin PBXFrameworksBuildPhase section */
		7026EC2127A388DB0039E768 /* Frameworks */ = {
			isa = PBXFrameworksBuildPhase;
			buildActionMask = 2147483647;
			files = (
			);
			runOnlyForDeploymentPostprocessing = 0;
		};
		7026EC3727A388DD0039E768 /* Frameworks */ = {
			isa = PBXFrameworksBuildPhase;
			buildActionMask = 2147483647;
			files = (
			);
			runOnlyForDeploymentPostprocessing = 0;
		};
		7026EC4127A388DD0039E768 /* Frameworks */ = {
			isa = PBXFrameworksBuildPhase;
			buildActionMask = 2147483647;
			files = (
			);
			runOnlyForDeploymentPostprocessing = 0;
		};
/* End PBXFrameworksBuildPhase section */

/* Begin PBXGroup section */
		7026EC1B27A388DB0039E768 = {
			isa = PBXGroup;
			children = (
				7026EC2627A388DB0039E768 /* bla */,
				7026EC3D27A388DD0039E768 /* blaTests */,
				7026EC4727A388DD0039E768 /* blaUITests */,
				7026EC2527A388DB0039E768 /* Products */,
			);
			sourceTree = "<group>";
		};
		7026EC2527A388DB0039E768 /* Products */ = {
			isa = PBXGroup;
			children = (
				7026EC2427A388DB0039E768 /* bla.app */,
				7026EC3A27A388DD0039E768 /* blaTests.xctest */,
				7026EC4427A388DD0039E768 /* blaUITests.xctest */,
			);
			name = Products;
			sourceTree = "<group>";
		};
		7026EC2627A388DB0039E768 /* bla */ = {
			isa = PBXGroup;
			children = (
				7026EC2727A388DB0039E768 /* AppDelegate.swift */,
				7026EC2927A388DB0039E768 /* SceneDelegate.swift */,
				7026EC2B27A388DB0039E768 /* ViewController.swift */,
				7026EC2D27A388DB0039E768 /* Main.storyboard */,
				7026EC3027A388DD0039E768 /* Assets.xcassets */,
				7026EC3227A388DD0039E768 /* LaunchScreen.storyboard */,
				7026EC3527A388DD0039E768 /* Info.plist */,
			);
			path = bla;
			sourceTree = "<group>";
		};
		7026EC3D27A388DD0039E768 /* blaTests */ = {
			isa = PBXGroup;
			children = (
				7026EC3E27A388DD0039E768 /* blaTests.swift */,
			);
			path = blaTests;
			sourceTree = "<group>";
		};
		7026EC4727A388DD0039E768 /* blaUITests */ = {
			isa = PBXGroup;
			children = (
				7026EC4827A388DD0039E768 /* blaUITests.swift */,
				7026EC4A27A388DD0039E768 /* blaUITestsLaunchTests.swift */,
			);
			path = blaUITests;
			sourceTree = "<group>";
		};
/* End PBXGroup section */

/* Begin PBXNativeTarget section */
		7026EC2327A388DB0039E768 /* bla */ = {
			isa = PBXNativeTarget;
			buildConfigurationList = 7026EC4E27A388DD0039E768 /* Build configuration list for PBXNativeTarget "bla" */;
			buildPhases = (
				7026EC2027A388DB0039E768 /* Sources */,
				7026EC2127A388DB0039E768 /* Frameworks */,
				7026EC2227A388DB0039E768 /* Resources */,
			);
			buildRules = (
			);
			dependencies = (
			);
			name = bla;
			productName = bla;
			productReference = 7026EC2427A388DB0039E768 /* bla.app */;
			productType = "com.apple.product-type.application";
		};
		7026EC3927A388DD0039E768 /* blaTests */ = {
			isa = PBXNativeTarget;
			buildConfigurationList = 7026EC5127A388DD0039E768 /* Build configuration list for PBXNativeTarget "blaTests" */;
			buildPhases = (
				7026EC3627A388DD0039E768 /* Sources */,
				7026EC3727A388DD0039E768 /* Frameworks */,
				7026EC3827A388DD0039E768 /* Resources */,
			);
			buildRules = (
			);
			dependencies = (
				7026EC3C27A388DD0039E768 /* PBXTargetDependency */,
			);
			name = blaTests;
			productName = blaTests;
			productReference = 7026EC3A27A388DD0039E768 /* blaTests.xctest */;
			productType = "com.apple.product-type.bundle.unit-test";
		};
		7026EC4327A388DD0039E768 /* blaUITests */ = {
			isa = PBXNativeTarget;
			buildConfigurationList = 7026EC5427A388DD0039E768 /* Build configuration list for PBXNativeTarget "blaUITests" */;
			buildPhases = (
				7026EC4027A388DD0039E768 /* Sources */,
				7026EC4127A388DD0039E768 /* Frameworks */,
				7026EC4227A388DD0039E768 /* Resources */,
			);
			buildRules = (
			);
			dependencies = (
				7026EC4627A388DD0039E768 /* PBXTargetDependency */,
			);
			name = blaUITests;
			productName = blaUITests;
			productReference = 7026EC4427A388DD0039E768 /* blaUITests.xctest */;
			productType = "com.apple.product-type.bundle.ui-testing";
		};
/* End PBXNativeTarget section */

/* Begin PBXProject section */
		7026EC1C27A388DB0039E768 /* Project object */ = {
			isa = PBXProject;
			attributes = {
				BuildIndependentTargetsInParallel = 1;
				LastSwiftUpdateCheck = 1320;
				LastUpgradeCheck = 1320;
				TargetAttributes = {
					7026EC2327A388DB0039E768 = {
						CreatedOnToolsVersion = 13.2.1;
					};
					7026EC3927A388DD0039E768 = {
						CreatedOnToolsVersion = 13.2.1;
						TestTargetID = 7026EC2327A388DB0039E768;
					};
					7026EC4327A388DD0039E768 = {
						CreatedOnToolsVersion = 13.2.1;
						TestTargetID = 7026EC2327A388DB0039E768;
					};
				};
			};
			buildConfigurationList = 7026EC1F27A388DB0039E768 /* Build configuration list for PBXProject "bla" */;
			compatibilityVersion = "Xcode 13.0";
			developmentRegion = en;
			hasScannedForEncodings = 0;
			knownRegions = (
				en,
				Base,
			);
			mainGroup = 7026EC1B27A388DB0039E768;
			productRefGroup = 7026EC2527A388DB0039E768 /* Products */;
			projectDirPath = "";
			projectRoot = "";
			targets = (
				7026EC2327A388DB0039E768 /* bla */,
				7026EC3927A388DD0039E768 /* blaTests */,
				7026EC4327A388DD0039E768 /* blaUITests */,
			);
		};
/* End PBXProject section */

/* Begin PBXResourcesBuildPhase section */
		7026EC2227A388DB0039E768 /* Resources */ = {
			isa = PBXResourcesBuildPhase;
			buildActionMask = 2147483647;
			files = (
				7026EC3427A388DD0039E768 /* LaunchScreen.storyboard in Resources */,
				7026EC3127A388DD0039E768 /* Assets.xcassets in Resources */,
				7026EC2F27A388DB0039E768 /* Main.storyboard in Resources */,
			);
			runOnlyForDeploymentPostprocessing = 0;
		};
		7026EC3827A388DD0039E768 /* Resources */ = {
			isa = PBXResourcesBuildPhase;
			buildActionMask = 2147483647;
			files = (
			);
			runOnlyForDeploymentPostprocessing = 0;
		};
		7026EC4227A388DD0039E768 /* Resources */ = {
			isa = PBXResourcesBuildPhase;
			buildActionMask = 2147483647;
			files = (
			);
			runOnlyForDeploymentPostprocessing = 0;
		};
/* End PBXResourcesBuildPhase section */

/* Begin PBXSourcesBuildPhase section */
		7026EC2027A388DB0039E768 /* Sources */ = {
			isa = PBXSourcesBuildPhase;
			buildActionMask = 2147483647;
			files = (
				7026EC2C27A388DB0039E768 /* ViewController.swift in Sources */,
				7026EC2827A388DB0039E768 /* AppDelegate.swift in Sources */,
				7026EC2A27A388DB0039E768 /* SceneDelegate.swift in Sources */,
			);
			runOnlyForDeploymentPostprocessing = 0;
		};
		7026EC3627A388DD0039E768 /* Sources */ = {
			isa = PBXSourcesBuildPhase;
			buildActionMask = 2147483647;
			files = (
				7026EC3F27A388DD0039E768 /* blaTests.swift in Sources */,
			);
			runOnlyForDeploymentPostprocessing = 0;
		};
		7026EC4027A388DD0039E768 /* Sources */ = {
			isa = PBXSourcesBuildPhase;
			buildActionMask = 2147483647;
			files = (
				7026EC4B27A388DD0039E768 /* blaUITestsLaunchTests.swift in Sources */,
				7026EC4927A388DD0039E768 /* blaUITests.swift in Sources */,
			);
			runOnlyForDeploymentPostprocessing = 0;
		};
/* End PBXSourcesBuildPhase section */

/* Begin PBXTargetDependency section */
		7026EC3C27A388DD0039E768 /* PBXTargetDependency */ = {
			isa = PBXTargetDependency;
			target = 7026EC2327A388DB0039E768 /* bla */;
			targetProxy = 7026EC3B27A388DD0039E768 /* PBXContainerItemProxy */;
		};
		7026EC4627A388DD0039E768 /* PBXTargetDependency */ = {
			isa = PBXTargetDependency;
			target = 7026EC2327A388DB0039E768 /* bla */;
			targetProxy = 7026EC4527A388DD0039E768 /* PBXContainerItemProxy */;
		};
/* End PBXTargetDependency section */

/* Begin PBXVariantGroup section */
		7026EC2D27A388DB0039E768 /* Main.storyboard */ = {
			isa = PBXVariantGroup;
			children = (
				7026EC2E27A388DB0039E768 /* Base */,
			);
			name = Main.storyboard;
			sourceTree = "<group>";
		};
		7026EC3227A388DD0039E768 /* LaunchScreen.storyboard */ = {
			isa = PBXVariantGroup;
			children = (
				7026EC3327A388DD0039E768 /* Base */,
			);
			name = LaunchScreen.storyboard;
			sourceTree = "<group>";
		};
/* End PBXVariantGroup section */

/* Begin XCBuildConfiguration section */
		7026EC4C27A388DD0039E768 /* Debug */ = {
			isa = XCBuildConfiguration;
			buildSettings = {
				ALWAYS_SEARCH_USER_PATHS = NO;
				CLANG_ANALYZER_NONNULL = YES;
				CLANG_ANALYZER_NUMBER_OBJECT_CONVERSION = YES_AGGRESSIVE;
				CLANG_CXX_LANGUAGE_STANDARD = "gnu++17";
				CLANG_CXX_LIBRARY = "libc++";
				CLANG_ENABLE_MODULES = YES;
				CLANG_ENABLE_OBJC_ARC = YES;
				CLANG_ENABLE_OBJC_WEAK = YES;
				CLANG_WARN_BLOCK_CAPTURE_AUTORELEASING = YES;
				CLANG_WARN_BOOL_CONVERSION = YES;
				CLANG_WARN_COMMA = YES;
				CLANG_WARN_CONSTANT_CONVERSION = YES;
				CLANG_WARN_DEPRECATED_OBJC_IMPLEMENTATIONS = YES;
				CLANG_WARN_DIRECT_OBJC_ISA_USAGE = YES_ERROR;
				CLANG_WARN_DOCUMENTATION_COMMENTS = YES;
				CLANG_WARN_EMPTY_BODY = YES;
				CLANG_WARN_ENUM_CONVERSION = YES;
				CLANG_WARN_INFINITE_RECURSION = YES;
				CLANG_WARN_INT_CONVERSION = YES;
				CLANG_WARN_NON_LITERAL_NULL_CONVERSION = YES;
				CLANG_WARN_OBJC_IMPLICIT_RETAIN_SELF = YES;
				CLANG_WARN_OBJC_LITERAL_CONVERSION = YES;
				CLANG_WARN_OBJC_ROOT_CLASS = YES_ERROR;
				CLANG_WARN_QUOTED_INCLUDE_IN_FRAMEWORK_HEADER = YES;
				CLANG_WARN_RANGE_LOOP_ANALYSIS = YES;
				CLANG_WARN_STRICT_PROTOTYPES = YES;
				CLANG_WARN_SUSPICIOUS_MOVE = YES;
				CLANG_WARN_UNGUARDED_AVAILABILITY = YES_AGGRESSIVE;
				CLANG_WARN_UNREACHABLE_CODE = YES;
				CLANG_WARN__DUPLICATE_METHOD_MATCH = YES;
				COPY_PHASE_STRIP = NO;
				DEBUG_INFORMATION_FORMAT = dwarf;
				ENABLE_STRICT_OBJC_MSGSEND = YES;
				ENABLE_TESTABILITY = YES;
				GCC_C_LANGUAGE_STANDARD = gnu11;
				GCC_DYNAMIC_NO_PIC = NO;
				GCC_NO_COMMON_BLOCKS = YES;
				GCC_OPTIMIZATION_LEVEL = 0;
				GCC_PREPROCESSOR_DEFINITIONS = (
					"DEBUG=1",
					"$(inherited)",
				);
				GCC_WARN_64_TO_32_BIT_CONVERSION = YES;
				GCC_WARN_ABOUT_RETURN_TYPE = YES_ERROR;
				GCC_WARN_UNDECLARED_SELECTOR = YES;
				GCC_WARN_UNINITIALIZED_AUTOS = YES_AGGRESSIVE;
				GCC_WARN_UNUSED_FUNCTION = YES;
				GCC_WARN_UNUSED_VARIABLE = YES;
				IPHONEOS_DEPLOYMENT_TARGET = 15.2;
				MTL_ENABLE_DEBUG_INFO = INCLUDE_SOURCE;
				MTL_FAST_MATH = YES;
				ONLY_ACTIVE_ARCH = YES;
				SDKROOT = iphoneos;
				SWIFT_ACTIVE_COMPILATION_CONDITIONS = DEBUG;
				SWIFT_OPTIMIZATION_LEVEL = "-Onone";
			};
			name = Debug;
		};
		7026EC4D27A388DD0039E768 /* Release */ = {
			isa = XCBuildConfiguration;
			buildSettings = {
				ALWAYS_SEARCH_USER_PATHS = NO;
				CLANG_ANALYZER_NONNULL = YES;
				CLANG_ANALYZER_NUMBER_OBJECT_CONVERSION = YES_AGGRESSIVE;
				CLANG_CXX_LANGUAGE_STANDARD = "gnu++17";
				CLANG_CXX_LIBRARY = "libc++";
				CLANG_ENABLE_MODULES = YES;
				CLANG_ENABLE_OBJC_ARC = YES;
				CLANG_ENABLE_OBJC_WEAK = YES;
				CLANG_WARN_BLOCK_CAPTURE_AUTORELEASING = YES;
				CLANG_WARN_BOOL_CONVERSION = YES;
				CLANG_WARN_COMMA = YES;
				CLANG_WARN_CONSTANT_CONVERSION = YES;
				CLANG_WARN_DEPRECATED_OBJC_IMPLEMENTATIONS = YES;
				CLANG_WARN_DIRECT_OBJC_ISA_USAGE = YES_ERROR;
				CLANG_WARN_DOCUMENTATION_COMMENTS = YES;
				CLANG_WARN_EMPTY_BODY = YES;
				CLANG_WARN_ENUM_CONVERSION = YES;
				CLANG_WARN_INFINITE_RECURSION = YES;
				CLANG_WARN_INT_CONVERSION = YES;
				CLANG_WARN_NON_LITERAL_NULL_CONVERSION = YES;
				CLANG_WARN_OBJC_IMPLICIT_RETAIN_SELF = YES;
				CLANG_WARN_OBJC_LITERAL_CONVERSION = YES;
				CLANG_WARN_OBJC_ROOT_CLASS = YES_ERROR;
				CLANG_WARN_QUOTED_INCLUDE_IN_FRAMEWORK_HEADER = YES;
				CLANG_WARN_RANGE_LOOP_ANALYSIS = YES;
				CLANG_WARN_STRICT_PROTOTYPES = YES;
				CLANG_WARN_SUSPICIOUS_MOVE = YES;
				CLANG_WARN_UNGUARDED_AVAILABILITY = YES_AGGRESSIVE;
				CLANG_WARN_UNREACHABLE_CODE = YES;
				CLANG_WARN__DUPLICATE_METHOD_MATCH = YES;
				COPY_PHASE_STRIP = NO;
				DEBUG_INFORMATION_FORMAT = "dwarf-with-dsym";
				ENABLE_NS_ASSERTIONS = NO;
				ENABLE_STRICT_OBJC_MSGSEND = YES;
				GCC_C_LANGUAGE_STANDARD = gnu11;
				GCC_NO_COMMON_BLOCKS = YES;
				GCC_WARN_64_TO_32_BIT_CONVERSION = YES;
				GCC_WARN_ABOUT_RETURN_TYPE = YES_ERROR;
				GCC_WARN_UNDECLARED_SELECTOR = YES;
				GCC_WARN_UNINITIALIZED_AUTOS = YES_AGGRESSIVE;
				GCC_WARN_UNUSED_FUNCTION = YES;
				GCC_WARN_UNUSED_VARIABLE = YES;
				IPHONEOS_DEPLOYMENT_TARGET = 15.2;
				MTL_ENABLE_DEBUG_INFO = NO;
				MTL_FAST_MATH = YES;
				SDKROOT = iphoneos;
				SWIFT_COMPILATION_MODE = wholemodule;
				SWIFT_OPTIMIZATION_LEVEL = "-O";
				VALIDATE_PRODUCT = YES;
			};
			name = Release;
		};
		7026EC4F27A388DD0039E768 /* Debug */ = {
			isa = XCBuildConfiguration;
			buildSettings = {
				ASSETCATALOG_COMPILER_APPICON_NAME = AppIcon;
				ASSETCATALOG_COMPILER_GLOBAL_ACCENT_COLOR_NAME = AccentColor;
				CODE_SIGN_STYLE = Automatic;
				CURRENT_PROJECT_VERSION = 1;
				DEVELOPMENT_TEAM = SUBJC5825K;
				GENERATE_INFOPLIST_FILE = YES;
				INFOPLIST_FILE = bla/Info.plist;
				INFOPLIST_KEY_UIApplicationSupportsIndirectInputEvents = YES;
				INFOPLIST_KEY_UILaunchStoryboardName = LaunchScreen;
				INFOPLIST_KEY_UIMainStoryboardFile = Main;
				INFOPLIST_KEY_UISupportedInterfaceOrientations_iPad = "UIInterfaceOrientationPortrait UIInterfaceOrientationPortraitUpsideDown UIInterfaceOrientationLandscapeLeft UIInterfaceOrientationLandscapeRight";
				INFOPLIST_KEY_UISupportedInterfaceOrientations_iPhone = "UIInterfaceOrientationPortrait UIInterfaceOrientationLandscapeLeft UIInterfaceOrientationLandscapeRight";
				LD_RUNPATH_SEARCH_PATHS = (
					"$(inherited)",
					"@executable_path/Frameworks",
				);
				MARKETING_VERSION = 1.0;
				PRODUCT_BUNDLE_IDENTIFIER = com.yuwei.bla;
				PRODUCT_NAME = "$(TARGET_NAME)";
				SWIFT_EMIT_LOC_STRINGS = YES;
				SWIFT_VERSION = 5.0;
				TARGETED_DEVICE_FAMILY = "1,2";
			};
			name = Debug;
		};
		7026EC5027A388DD0039E768 /* Release */ = {
			isa = XCBuildConfiguration;
			buildSettings = {
				ASSETCATALOG_COMPILER_APPICON_NAME = AppIcon;
				ASSETCATALOG_COMPILER_GLOBAL_ACCENT_COLOR_NAME = AccentColor;
				CODE_SIGN_STYLE = Automatic;
				CURRENT_PROJECT_VERSION = 1;
				DEVELOPMENT_TEAM = SUBJC5825K;
				GENERATE_INFOPLIST_FILE = YES;
				INFOPLIST_FILE = bla/Info.plist;
				INFOPLIST_KEY_UIApplicationSupportsIndirectInputEvents = YES;
				INFOPLIST_KEY_UILaunchStoryboardName = LaunchScreen;
				INFOPLIST_KEY_UIMainStoryboardFile = Main;
				INFOPLIST_KEY_UISupportedInterfaceOrientations_iPad = "UIInterfaceOrientationPortrait UIInterfaceOrientationPortraitUpsideDown UIInterfaceOrientationLandscapeLeft UIInterfaceOrientationLandscapeRight";
				INFOPLIST_KEY_UISupportedInterfaceOrientations_iPhone = "UIInterfaceOrientationPortrait UIInterfaceOrientationLandscapeLeft UIInterfaceOrientationLandscapeRight";
				LD_RUNPATH_SEARCH_PATHS = (
					"$(inherited)",
					"@executable_path/Frameworks",
				);
				MARKETING_VERSION = 1.0;
				PRODUCT_BUNDLE_IDENTIFIER = com.yuwei.bla;
				PRODUCT_NAME = "$(TARGET_NAME)";
				SWIFT_EMIT_LOC_STRINGS = YES;
				SWIFT_VERSION = 5.0;
				TARGETED_DEVICE_FAMILY = "1,2";
			};
			name = Release;
		};
		7026EC5227A388DD0039E768 /* Debug */ = {
			isa = XCBuildConfiguration;
			buildSettings = {
				ALWAYS_EMBED_SWIFT_STANDARD_LIBRARIES = YES;
				BUNDLE_LOADER = "$(TEST_HOST)";
				CODE_SIGN_STYLE = Automatic;
				CURRENT_PROJECT_VERSION = 1;
				DEVELOPMENT_TEAM = SUBJC5825K;
				GENERATE_INFOPLIST_FILE = YES;
				IPHONEOS_DEPLOYMENT_TARGET = 15.2;
				MARKETING_VERSION = 1.0;
				PRODUCT_BUNDLE_IDENTIFIER = com.yuwei.blaTests;
				PRODUCT_NAME = "$(TARGET_NAME)";
				SWIFT_EMIT_LOC_STRINGS = NO;
				SWIFT_VERSION = 5.0;
				TARGETED_DEVICE_FAMILY = "1,2";
				TEST_HOST = "$(BUILT_PRODUCTS_DIR)/bla.app/bla";
			};
			name = Debug;
		};
		7026EC5327A388DD0039E768 /* Release */ = {
			isa = XCBuildConfiguration;
			buildSettings = {
				ALWAYS_EMBED_SWIFT_STANDARD_LIBRARIES = YES;
				BUNDLE_LOADER = "$(TEST_HOST)";
				CODE_SIGN_STYLE = Automatic;
				CURRENT_PROJECT_VERSION = 1;
				DEVELOPMENT_TEAM = SUBJC5825K;
				GENERATE_INFOPLIST_FILE = YES;
				IPHONEOS_DEPLOYMENT_TARGET = 15.2;
				MARKETING_VERSION = 1.0;
				PRODUCT_BUNDLE_IDENTIFIER = com.yuwei.blaTests;
				PRODUCT_NAME = "$(TARGET_NAME)";
				SWIFT_EMIT_LOC_STRINGS = NO;
				SWIFT_VERSION = 5.0;
				TARGETED_DEVICE_FAMILY = "1,2";
				TEST_HOST = "$(BUILT_PRODUCTS_DIR)/bla.app/bla";
			};
			name = Release;
		};
		7026EC5527A388DD0039E768 /* Debug */ = {
			isa = XCBuildConfiguration;
			buildSettings = {
				ALWAYS_EMBED_SWIFT_STANDARD_LIBRARIES = YES;
				CODE_SIGN_STYLE = Automatic;
				CURRENT_PROJECT_VERSION = 1;
				DEVELOPMENT_TEAM = SUBJC5825K;
				GENERATE_INFOPLIST_FILE = YES;
				MARKETING_VERSION = 1.0;
				PRODUCT_BUNDLE_IDENTIFIER = com.yuwei.blaUITests;
				PRODUCT_NAME = "$(TARGET_NAME)";
				SWIFT_EMIT_LOC_STRINGS = NO;
				SWIFT_VERSION = 5.0;
				TARGETED_DEVICE_FAMILY = "1,2";
				TEST_TARGET_NAME = bla;
			};
			name = Debug;
		};
		7026EC5627A388DD0039E768 /* Release */ = {
			isa = XCBuildConfiguration;
			buildSettings = {
				ALWAYS_EMBED_SWIFT_STANDARD_LIBRARIES = YES;
				CODE_SIGN_STYLE = Automatic;
				CURRENT_PROJECT_VERSION = 1;
				DEVELOPMENT_TEAM = SUBJC5825K;
				GENERATE_INFOPLIST_FILE = YES;
				MARKETING_VERSION = 1.0;
				PRODUCT_BUNDLE_IDENTIFIER = com.yuwei.blaUITests;
				PRODUCT_NAME = "$(TARGET_NAME)";
				SWIFT_EMIT_LOC_STRINGS = NO;
				SWIFT_VERSION = 5.0;
				TARGETED_DEVICE_FAMILY = "1,2";
				TEST_TARGET_NAME = bla;
			};
			name = Release;
		};
/* End XCBuildConfiguration section */

/* Begin XCConfigurationList section */
		7026EC1F27A388DB0039E768 /* Build configuration list for PBXProject "bla" */ = {
			isa = XCConfigurationList;
			buildConfigurations = (
				7026EC4C27A388DD0039E768 /* Debug */,
				7026EC4D27A388DD0039E768 /* Release */,
			);
			defaultConfigurationIsVisible = 0;
			defaultConfigurationName = Release;
		};
		7026EC4E27A388DD0039E768 /* Build configuration list for PBXNativeTarget "bla" */ = {
			isa = XCConfigurationList;
			buildConfigurations = (
				7026EC4F27A388DD0039E768 /* Debug */,
				7026EC5027A388DD0039E768 /* Release */,
			);
			defaultConfigurationIsVisible = 0;
			defaultConfigurationName = Release;
		};
		7026EC5127A388DD0039E768 /* Build configuration list for PBXNativeTarget "blaTests" */ = {
			isa = XCConfigurationList;
			buildConfigurations = (
				7026EC5227A388DD0039E768 /* Debug */,
				7026EC5327A388DD0039E768 /* Release */,
			);
			defaultConfigurationIsVisible = 0;
			defaultConfigurationName = Release;
		};
		7026EC5427A388DD0039E768 /* Build configuration list for PBXNativeTarget "blaUITests" */ = {
			isa = XCConfigurationList;
			buildConfigurations = (
				7026EC5527A388DD0039E768 /* Debug */,
				7026EC5627A388DD0039E768 /* Release */,
			);
			defaultConfigurationIsVisible = 0;
			defaultConfigurationName = Release;
		};
/* End XCConfigurationList section */
	};
	rootObject = 7026EC1C27A388DB0039E768 /* Project object */;
}
